{
  "name": "word-counter-test",
  "lockfileVersion": 2,
  "requires": true,
  "packages": {
    "": {
      "dependencies": {
        "lru-cache": "^7.14.1",
        "sqlstring": "^2.3.3",
        "word-counter": "^1.0.0"
      }
    },
    "node_modules/lru-cache": {
      "version": "7.14.1",
      "resolved": "https://registry.npmmirror.com/lru-cache/-/lru-cache-7.14.1.tgz",
      "integrity": "sha512-ysxwsnTKdAx96aTRdhDOCQfDgbHnt8SK0KY8SEjO0wHinhWOFTESbjVCMPbU1uGXg/ch4lifqx0wfjOawU2+WA==",
      "engines": {
        "node": ">=12"
      }
    },
    "node_modules/sqlstring": {
      "version": "2.3.3",
      "resolved": "http://localhost:8300/api/packages/zhanghaihui/npm/sqlstring/-/2.3.3/sqlstring-2.3.3.tgz",
      "integrity": "sha512-qC9iz2FlN7DQl3+wjwn3802RTyjCx7sDvfQEXchwa6CWOx07/WVfh91gBmQ9fahw8snwGEWU3xGzOt4tFyHLxg==",
      "license": "MIT"
    },
    "node_modules/word-counter": {
      "version": "1.0.0",
      "resolved": "http://localhost:8300/api/packages/zhanghaihui/npm/word-counter/-/1.0.0/word-counter-1.0.0.tgz",
      "integrity": "sha512-vldpWBmZdCYhvaznpRXyLriMqXw604lVLZSy51lUR6MveH6ERanMHlOtgxETJ7HdN92d//rRx44VZ4FjcHHBjw==",
      "license": "ISC"
    }
  },
  "dependencies": {
    "lru-cache": {
      "version": "7.14.1",
      "resolved": "https://registry.npmmirror.com/lru-cache/-/lru-cache-7.14.1.tgz",
      "integrity": "sha512-ysxwsnTKdAx96aTRdhDOCQfDgbHnt8SK0KY8SEjO0wHinhWOFTESbjVCMPbU1uGXg/ch4lifqx0wfjOawU2+WA=="
    },
    "sqlstring": {
      "version": "2.3.3",
      "resolved": "http://localhost:8300/api/packages/zhanghaihui/npm/sqlstring/-/2.3.3/sqlstring-2.3.3.tgz",
      "integrity": "sha512-qC9iz2FlN7DQl3+wjwn3802RTyjCx7sDvfQEXchwa6CWOx07/WVfh91gBmQ9fahw8snwGEWU3xGzOt4tFyHLxg=="
    },
    "word-counter": {
      "version": "1.0.0",
      "resolved": "http://localhost:8300/api/packages/zhanghaihui/npm/word-counter/-/1.0.0/word-counter-1.0.0.tgz",
      "integrity": "sha512-vldpWBmZdCYhvaznpRXyLriMqXw604lVLZSy51lUR6MveH6ERanMHlOtgxETJ7HdN92d//rRx44VZ4FjcHHBjw=="
    }
  }
}
